
Microsoft Visual Studio Solution File, Format Version 12.00
# Visual Studio 15
VisualStudioVersion = 15.0.28307.489
MinimumVisualStudioVersion = 10.0.40219.1
Project("{9A19103F-16F7-4668-BE54-9A1E7A4F7556}") = "aspnetcore-mvc-movies", "aspnetcore-mvc-movies.csproj", "{5AEFE173-D0D9-4647-86E7-7BE44125AD4E}"
EndProject
Project("{E53339B2-1760-4266-BCC7-CA923CBCF16C}") = "docker-compose", "docker-compose.dcproj", "{1CA9DBCF-F497-4A4F-BC76-EA15611E511C}"
EndProject
Global
	GlobalSection(SolutionConfigurationPlatforms) = preSolution
		Debug|Any CPU = Debug|Any CPU
		Release|Any CPU = Release|Any CPU
	EndGlobalSection
	GlobalSection(ProjectConfigurationPlatforms) = postSolution
		{5AEFE173-D0D9-4647-86E7-7BE44125AD4E}.Debug|Any CPU.ActiveCfg = Debug|Any CPU
		{5AEFE173-D0D9-4647-86E7-7BE44125AD4E}.Debug|Any CPU.Build.0 = Debug|Any CPU
		{5AEFE173-D0D9-4647-86E7-7BE44125AD4E}.Release|Any CPU.ActiveCfg = Release|Any CPU
		{5AEFE173-D0D9-4647-86E7-7BE44125AD4E}.Release|Any CPU.Build.0 = Release|Any CPU
		{1CA9DBCF-F497-4A4F-BC76-EA15611E511C}.Debug|Any CPU.ActiveCfg = Debug|Any CPU
		{1CA9DBCF-F497-4A4F-BC76-EA15611E511C}.Debug|Any CPU.Build.0 = Debug|Any CPU
		{1CA9DBCF-F497-4A4F-BC76-EA15611E511C}.Release|Any CPU.ActiveCfg = Release|Any CPU
		{1CA9DBCF-F497-4A4F-BC76-EA15611E511C}.Release|Any CPU.Build.0 = Release|Any CPU
	EndGlobalSection
	GlobalSection(SolutionProperties) = preSolution
		HideSolutionNode = FALSE
	EndGlobalSection
	GlobalSection(ExtensibilityGlobals) = postSolution
		SolutionGuid = {0123180F-2B81-4939-9A59-DE5302ECF5B6}
	EndGlobalSection
EndGlobal
